
Microsoft Visual Studio Solution File, Format Version 12.00
# Visual Studio Version 18
VisualStudioVersion = 18.7.11822.327 insiders
MinimumVisualStudioVersion = 10.0.40219.1
Project("{2150E333-8FDC-42A3-9474-1A3956D46DE8}") = "src", "src", "{CA42B718-A190-4A45-B307-172E19101A95}"
EndProject
Project("{FAE04EC0-301F-11D3-BF4B-00C04F79EFBC}") = "Simryx.App", "src\Simryx.App\Simryx.App.csproj", "{A9798486-8AC2-4FF5-8C65-7E0E1A593E89}"
EndProject
Project("{FAE04EC0-301F-11D3-BF4B-00C04F79EFBC}") = "Simryx.Core", "src\Simryx.Core\Simryx.Core.csproj", "{C17B7308-DE7F-4F41-B701-156B4918B520}"
EndProject
Project("{FAE04EC0-301F-11D3-BF4B-00C04F79EFBC}") = "Simryx.Common", "src\Simryx.Common\Simryx.Common.csproj", "{94E3F192-A8EA-49F2-8B8F-63AADAFEE213}"
EndProject
Project("{FAE04EC0-301F-11D3-BF4B-00C04F79EFBC}") = "Simryx.Devices", "src\Simryx.Devices\Simryx.Devices.csproj", "{50601F66-2C7C-4F23-9D36-04215E31F00A}"
EndProject
Project("{FAE04EC0-301F-11D3-BF4B-00C04F79EFBC}") = "Simryx.Telemetry", "src\Simryx.Telemetry\Simryx.Telemetry.csproj", "{EE4DB698-A016-4E75-A16C-4C91A9F43F93}"
EndProject
Project("{FAE04EC0-301F-11D3-BF4B-00C04F79EFBC}") = "Simryx.Profiles", "src\Simryx.Profiles\Simryx.Profiles.csproj", "{36151F41-A636-4FF9-AE12-1ADF04282AB2}"
EndProject
Project("{FAE04EC0-301F-11D3-BF4B-00C04F79EFBC}") = "Simryx.Firmware", "src\Simryx.Firmware\Simryx.Firmware.csproj", "{4221A8CD-804D-4E1D-B5B8-228970FAB635}"
EndProject
Project("{FAE04EC0-301F-11D3-BF4B-00C04F79EFBC}") = "Simryx.Security", "src\Simryx.Security\Simryx.Security.csproj", "{BE9376FB-D0AB-48FF-B960-A121E86F4FB7}"
EndProject
Project("{FAE04EC0-301F-11D3-BF4B-00C04F79EFBC}") = "Simryx.Updater", "src\Simryx.Updater\Simryx.Updater.csproj", "{D0B0A7B4-D97D-4765-A74A-5E9B38962E42}"
EndProject
Project("{2150E333-8FDC-42A3-9474-1A3956D46DE8}") = "tests", "tests", "{E40B4FCE-549B-463E-80BA-302E8CD340DA}"
EndProject
Project("{FAE04EC0-301F-11D3-BF4B-00C04F79EFBC}") = "Simryx.Core.Tests", "tests\Simryx.Core.Tests\Simryx.Core.Tests.csproj", "{D77BFF3E-DF7F-48F2-A36F-5AA2E179D170}"
EndProject
Project("{FAE04EC0-301F-11D3-BF4B-00C04F79EFBC}") = "Simryx.Devices.Tests", "tests\Simryx.Devices.Tests\Simryx.Devices.Tests.csproj", "{0C84F55B-422F-4655-87FD-AEA3457A0E94}"
EndProject
Project("{FAE04EC0-301F-11D3-BF4B-00C04F79EFBC}") = "Simryx.Telemetry.Tests", "tests\Simryx.Telemetry.Tests\Simryx.Telemetry.Tests.csproj", "{6196EFEE-F525-4676-8D05-D91386765226}"
EndProject
Project("{FAE04EC0-301F-11D3-BF4B-00C04F79EFBC}") = "Simryx.Security.Tests", "tests\Simryx.Security.Tests\Simryx.Security.Tests.csproj", "{810DB028-ED54-441C-A30D-A8EAC191F774}"
EndProject
Global
	GlobalSection(SolutionConfigurationPlatforms) = preSolution
		Debug|Any CPU = Debug|Any CPU
		Release|Any CPU = Release|Any CPU
	EndGlobalSection
	GlobalSection(ProjectConfigurationPlatforms) = postSolution
		{A9798486-8AC2-4FF5-8C65-7E0E1A593E89}.Debug|Any CPU.ActiveCfg = Debug|x64
		{A9798486-8AC2-4FF5-8C65-7E0E1A593E89}.Debug|Any CPU.Build.0 = Debug|x64
		{A9798486-8AC2-4FF5-8C65-7E0E1A593E89}.Release|Any CPU.ActiveCfg = Release|x86
		{A9798486-8AC2-4FF5-8C65-7E0E1A593E89}.Release|Any CPU.Build.0 = Release|x86
		{C17B7308-DE7F-4F41-B701-156B4918B520}.Debug|Any CPU.ActiveCfg = Debug|Any CPU
		{C17B7308-DE7F-4F41-B701-156B4918B520}.Release|Any CPU.ActiveCfg = Release|Any CPU
		{C17B7308-DE7F-4F41-B701-156B4918B520}.Release|Any CPU.Build.0 = Release|Any CPU
		{94E3F192-A8EA-49F2-8B8F-63AADAFEE213}.Debug|Any CPU.ActiveCfg = Debug|Any CPU
		{94E3F192-A8EA-49F2-8B8F-63AADAFEE213}.Release|Any CPU.ActiveCfg = Release|Any CPU
		{94E3F192-A8EA-49F2-8B8F-63AADAFEE213}.Release|Any CPU.Build.0 = Release|Any CPU
		{50601F66-2C7C-4F23-9D36-04215E31F00A}.Debug|Any CPU.ActiveCfg = Debug|Any CPU
		{50601F66-2C7C-4F23-9D36-04215E31F00A}.Release|Any CPU.ActiveCfg = Release|Any CPU
		{50601F66-2C7C-4F23-9D36-04215E31F00A}.Release|Any CPU.Build.0 = Release|Any CPU
		{EE4DB698-A016-4E75-A16C-4C91A9F43F93}.Debug|Any CPU.ActiveCfg = Debug|Any CPU
		{EE4DB698-A016-4E75-A16C-4C91A9F43F93}.Release|Any CPU.ActiveCfg = Release|Any CPU
		{EE4DB698-A016-4E75-A16C-4C91A9F43F93}.Release|Any CPU.Build.0 = Release|Any CPU
		{36151F41-A636-4FF9-AE12-1ADF04282AB2}.Debug|Any CPU.ActiveCfg = Debug|Any CPU
		{36151F41-A636-4FF9-AE12-1ADF04282AB2}.Release|Any CPU.ActiveCfg = Release|Any CPU
		{36151F41-A636-4FF9-AE12-1ADF04282AB2}.Release|Any CPU.Build.0 = Release|Any CPU
		{4221A8CD-804D-4E1D-B5B8-228970FAB635}.Debug|Any CPU.ActiveCfg = Debug|Any CPU
		{4221A8CD-804D-4E1D-B5B8-228970FAB635}.Release|Any CPU.ActiveCfg = Release|Any CPU
		{4221A8CD-804D-4E1D-B5B8-228970FAB635}.Release|Any CPU.Build.0 = Release|Any CPU
		{BE9376FB-D0AB-48FF-B960-A121E86F4FB7}.Debug|Any CPU.ActiveCfg = Debug|Any CPU
		{BE9376FB-D0AB-48FF-B960-A121E86F4FB7}.Release|Any CPU.ActiveCfg = Release|Any CPU
		{BE9376FB-D0AB-48FF-B960-A121E86F4FB7}.Release|Any CPU.Build.0 = Release|Any CPU
		{D0B0A7B4-D97D-4765-A74A-5E9B38962E42}.Debug|Any CPU.ActiveCfg = Debug|Any CPU
		{D0B0A7B4-D97D-4765-A74A-5E9B38962E42}.Release|Any CPU.ActiveCfg = Release|Any CPU
		{D0B0A7B4-D97D-4765-A74A-5E9B38962E42}.Release|Any CPU.Build.0 = Release|Any CPU
		{D77BFF3E-DF7F-48F2-A36F-5AA2E179D170}.Debug|Any CPU.ActiveCfg = Debug|Any CPU
		{D77BFF3E-DF7F-48F2-A36F-5AA2E179D170}.Release|Any CPU.ActiveCfg = Release|Any CPU
		{D77BFF3E-DF7F-48F2-A36F-5AA2E179D170}.Release|Any CPU.Build.0 = Release|Any CPU
		{0C84F55B-422F-4655-87FD-AEA3457A0E94}.Debug|Any CPU.ActiveCfg = Debug|Any CPU
		{0C84F55B-422F-4655-87FD-AEA3457A0E94}.Release|Any CPU.ActiveCfg = Release|Any CPU
		{0C84F55B-422F-4655-87FD-AEA3457A0E94}.Release|Any CPU.Build.0 = Release|Any CPU
		{6196EFEE-F525-4676-8D05-D91386765226}.Debug|Any CPU.ActiveCfg = Debug|Any CPU
		{6196EFEE-F525-4676-8D05-D91386765226}.Release|Any CPU.ActiveCfg = Release|Any CPU
		{6196EFEE-F525-4676-8D05-D91386765226}.Release|Any CPU.Build.0 = Release|Any CPU
		{810DB028-ED54-441C-A30D-A8EAC191F774}.Debug|Any CPU.ActiveCfg = Debug|Any CPU
		{810DB028-ED54-441C-A30D-A8EAC191F774}.Release|Any CPU.ActiveCfg = Release|Any CPU
		{810DB028-ED54-441C-A30D-A8EAC191F774}.Release|Any CPU.Build.0 = Release|Any CPU
	EndGlobalSection
	GlobalSection(SolutionProperties) = preSolution
		HideSolutionNode = FALSE
	EndGlobalSection
	GlobalSection(NestedProjects) = preSolution
		{A9798486-8AC2-4FF5-8C65-7E0E1A593E89} = {CA42B718-A190-4A45-B307-172E19101A95}
		{C17B7308-DE7F-4F41-B701-156B4918B520} = {CA42B718-A190-4A45-B307-172E19101A95}
		{94E3F192-A8EA-49F2-8B8F-63AADAFEE213} = {CA42B718-A190-4A45-B307-172E19101A95}
		{50601F66-2C7C-4F23-9D36-04215E31F00A} = {CA42B718-A190-4A45-B307-172E19101A95}
		{EE4DB698-A016-4E75-A16C-4C91A9F43F93} = {CA42B718-A190-4A45-B307-172E19101A95}
		{36151F41-A636-4FF9-AE12-1ADF04282AB2} = {CA42B718-A190-4A45-B307-172E19101A95}
		{4221A8CD-804D-4E1D-B5B8-228970FAB635} = {CA42B718-A190-4A45-B307-172E19101A95}
		{BE9376FB-D0AB-48FF-B960-A121E86F4FB7} = {CA42B718-A190-4A45-B307-172E19101A95}
		{D0B0A7B4-D97D-4765-A74A-5E9B38962E42} = {CA42B718-A190-4A45-B307-172E19101A95}
		{D77BFF3E-DF7F-48F2-A36F-5AA2E179D170} = {E40B4FCE-549B-463E-80BA-302E8CD340DA}
		{0C84F55B-422F-4655-87FD-AEA3457A0E94} = {E40B4FCE-549B-463E-80BA-302E8CD340DA}
		{6196EFEE-F525-4676-8D05-D91386765226} = {E40B4FCE-549B-463E-80BA-302E8CD340DA}
		{810DB028-ED54-441C-A30D-A8EAC191F774} = {E40B4FCE-549B-463E-80BA-302E8CD340DA}
	EndGlobalSection
	GlobalSection(ExtensibilityGlobals) = postSolution
		SolutionGuid = {AB960347-C2AB-4958-B09E-DD5A041A0DF0}
	EndGlobalSection
EndGlobal
